
Microsoft Visual Studio Solution File, Format Version 12.00
# Visual Studio Version 17
VisualStudioVersion = 17.4.33205.214
MinimumVisualStudioVersion = 10.0.40219.1
Project("{FAE04EC0-301F-11D3-BF4B-00C04F79EFBC}") = "Sendfly", "Sendfly\Sendfly.csproj", "{95071DF4-D261-4A4D-BCEC-68B76B10A05B}"
EndProject
Global
	GlobalSection(SolutionConfigurationPlatforms) = preSolution
		Debug|Any CPU = Debug|Any CPU
		Release|Any CPU = Release|Any CPU
	EndGlobalSection
	GlobalSection(ProjectConfigurationPlatforms) = postSolution
		{95071DF4-D261-4A4D-BCEC-68B76B10A05B}.Debug|Any CPU.ActiveCfg = Debug|Any CPU
		{95071DF4-D261-4A4D-BCEC-68B76B10A05B}.Debug|Any CPU.Build.0 = Debug|Any CPU
		{95071DF4-D261-4A4D-BCEC-68B76B10A05B}.Release|Any CPU.ActiveCfg = Release|Any CPU
		{95071DF4-D261-4A4D-BCEC-68B76B10A05B}.Release|Any CPU.Build.0 = Release|Any CPU
	EndGlobalSection
	GlobalSection(SolutionProperties) = preSolution
		HideSolutionNode = FALSE
	EndGlobalSection
	GlobalSection(ExtensibilityGlobals) = postSolution
		SolutionGuid = {A9C5D6C7-200D-4C0A-9FDC-C379D2409814}
	EndGlobalSection
EndGlobal
